
Microsoft Visual Studio Solution File, Format Version 12.00
# Visual Studio Version 17
VisualStudioVersion = 17.9.34728.123
MinimumVisualStudioVersion = 10.0.40219.1
Project("{FAE04EC0-301F-11D3-BF4B-00C04F79EFBC}") = "Простое расписние", "Простое расписние\Простое расписние.csproj", "{82CA0D57-3939-4492-AD7B-3D11B4E542D9}"
EndProject
Global
	GlobalSection(SolutionConfigurationPlatforms) = preSolution
		Debug|Any CPU = Debug|Any CPU
		Release|Any CPU = Release|Any CPU
	EndGlobalSection
	GlobalSection(ProjectConfigurationPlatforms) = postSolution
		{82CA0D57-3939-4492-AD7B-3D11B4E542D9}.Debug|Any CPU.ActiveCfg = Debug|Any CPU
		{82CA0D57-3939-4492-AD7B-3D11B4E542D9}.Debug|Any CPU.Build.0 = Debug|Any CPU
		{82CA0D57-3939-4492-AD7B-3D11B4E542D9}.Release|Any CPU.ActiveCfg = Release|Any CPU
		{82CA0D57-3939-4492-AD7B-3D11B4E542D9}.Release|Any CPU.Build.0 = Release|Any CPU
	EndGlobalSection
	GlobalSection(SolutionProperties) = preSolution
		HideSolutionNode = FALSE
	EndGlobalSection
	GlobalSection(ExtensibilityGlobals) = postSolution
		SolutionGuid = {14D7EA79-9C8F-4344-A623-C1B3FADBDF63}
	EndGlobalSection
EndGlobal
